
Microsoft Visual Studio Solution File, Format Version 12.00
# Visual Studio Version 17
VisualStudioVersion = 17.5.002.0
MinimumVisualStudioVersion = 10.0.40219.1
Project("{9A19103F-16F7-4668-BE54-9A1E7A4F7556}") = "MeetingApp", "MeetingApp.csproj", "{CC163EED-7CEF-4CC9-8254-39F2E7A3E909}"
EndProject
Global
	GlobalSection(SolutionConfigurationPlatforms) = preSolution
		Debug|Any CPU = Debug|Any CPU
		Release|Any CPU = Release|Any CPU
	EndGlobalSection
	GlobalSection(ProjectConfigurationPlatforms) = postSolution
		{CC163EED-7CEF-4CC9-8254-39F2E7A3E909}.Debug|Any CPU.ActiveCfg = Debug|Any CPU
		{CC163EED-7CEF-4CC9-8254-39F2E7A3E909}.Debug|Any CPU.Build.0 = Debug|Any CPU
		{CC163EED-7CEF-4CC9-8254-39F2E7A3E909}.Release|Any CPU.ActiveCfg = Release|Any CPU
		{CC163EED-7CEF-4CC9-8254-39F2E7A3E909}.Release|Any CPU.Build.0 = Release|Any CPU
	EndGlobalSection
	GlobalSection(SolutionProperties) = preSolution
		HideSolutionNode = FALSE
	EndGlobalSection
	GlobalSection(ExtensibilityGlobals) = postSolution
		SolutionGuid = {DD9C1D97-93AE-4637-B9EA-CFB6E196F1A2}
	EndGlobalSection
EndGlobal
